// !$*UTF8*$!
{
	archiveVersion = 1;
	classes = {
	};
	objectVersion = 50;
	objects = {

/* Begin PBXBuildFile section */
		6E8C656624608DA5001752E9 /* AppDelegate.swift in Sources */ = {isa = PBXBuildFile; fileRef = 6E8C656524608DA5001752E9 /* AppDelegate.swift */; };
		6E8C656824608DA5001752E9 /* SceneDelegate.swift in Sources */ = {isa = PBXBuildFile; fileRef = 6E8C656724608DA5001752E9 /* SceneDelegate.swift */; };
		6E8C656A24608DA5001752E9 /* ViewController.swift in Sources */ = {isa = PBXBuildFile; fileRef = 6E8C656924608DA5001752E9 /* ViewController.swift */; };
		6E8C656D24608DA5001752E9 /* Main.storyboard in Resources */ = {isa = PBXBuildFile; fileRef = 6E8C656B24608DA5001752E9 /* Main.storyboard */; };
		6E8C656F24608DA8001752E9 /* Assets.xcassets in Resources */ = {isa = PBXBuildFile; fileRef = 6E8C656E24608DA8001752E9 /* Assets.xcassets */; };
		6E8C657224608DA8001752E9 /* LaunchScreen.storyboard in Resources */ = {isa = PBXBuildFile; fileRef = 6E8C657024608DA8001752E9 /* LaunchScreen.storyboard */; };
		6E8C65832461EC2E001752E9 /* Main.m in Sources */ = {isa = PBXBuildFile; fileRef = 6E8C65822461EC2E001752E9 /* Main.m */; };
/* End PBXBuildFile section */

/* Begin PBXFileReference section */
		6E8C656224608DA5001752E9 /* SwiftObjcInteroperability.app */ = {isa = PBXFileReference; explicitFileType = wrapper.application; includeInIndex = 0; path = SwiftObjcInteroperability.app; sourceTree = BUILT_PRODUCTS_DIR; };
		6E8C656524608DA5001752E9 /* AppDelegate.swift */ = {isa = PBXFileReference; lastKnownFileType = sourcecode.swift; path = AppDelegate.swift; sourceTree = "<group>"; };
		6E8C656724608DA5001752E9 /* SceneDelegate.swift */ = {isa = PBXFileReference; lastKnownFileType = sourcecode.swift; path = SceneDelegate.swift; sourceTree = "<group>"; };
		6E8C656924608DA5001752E9 /* ViewController.swift */ = {isa = PBXFileReference; lastKnownFileType = sourcecode.swift; path = ViewController.swift; sourceTree = "<group>"; };
		6E8C656C24608DA5001752E9 /* Base */ = {isa = PBXFileReference; lastKnownFileType = file.storyboard; name = Base; path = Base.lproj/Main.storyboard; sourceTree = "<group>"; };
		6E8C656E24608DA8001752E9 /* Assets.xcassets */ = {isa = PBXFileReference; lastKnownFileType = folder.assetcatalog; path = Assets.xcassets; sourceTree = "<group>"; };
		6E8C657124608DA8001752E9 /* Base */ = {isa = PBXFileReference; lastKnownFileType = file.storyboard; name = Base; path = Base.lproj/LaunchScreen.storyboard; sourceTree = "<group>"; };
		6E8C657324608DA8001752E9 /* Info.plist */ = {isa = PBXFileReference; lastKnownFileType = text.plist.xml; path = Info.plist; sourceTree = "<group>"; };
		6E8C657924609532001752E9 /* Test-Bridging-Header.h */ = {isa = PBXFileReference; lastKnownFileType = sourcecode.c.h; path = "Test-Bridging-Header.h"; sourceTree = "<group>"; };
		6E8C65812461EC2E001752E9 /* Main.h */ = {isa = PBXFileReference; lastKnownFileType = sourcecode.c.h; path = Main.h; sourceTree = "<group>"; };
		6E8C65822461EC2E001752E9 /* Main.m */ = {isa = PBXFileReference; lastKnownFileType = sourcecode.c.objc; path = Main.m; sourceTree = "<group>"; };
/* End PBXFileReference section */

/* Begin PBXFrameworksBuildPhase section */
		6E8C655F24608DA5001752E9 /* Frameworks */ = {
			isa = PBXFrameworksBuildPhase;
			buildActionMask = 2147483647;
			files = (
			);
			runOnlyForDeploymentPostprocessing = 0;
		};
/* End PBXFrameworksBuildPhase section */

/* Begin PBXGroup section */
		6E8C655924608DA5001752E9 = {
			isa = PBXGroup;
			children = (
				6E8C656424608DA5001752E9 /* SwiftObjcInteroperability */,
				6E8C656324608DA5001752E9 /* Products */,
			);
			sourceTree = "<group>";
		};
		6E8C656324608DA5001752E9 /* Products */ = {
			isa = PBXGroup;
			children = (
				6E8C656224608DA5001752E9 /* SwiftObjcInteroperability.app */,
			);
			name = Products;
			sourceTree = "<group>";
		};
		6E8C656424608DA5001752E9 /* SwiftObjcInteroperability */ = {
			isa = PBXGroup;
			children = (
				6E8C65842461F38F001752E9 /* ObjC */,
				6E8C656524608DA5001752E9 /* AppDelegate.swift */,
				6E8C656724608DA5001752E9 /* SceneDelegate.swift */,
				6E8C656924608DA5001752E9 /* ViewController.swift */,
				6E8C656B24608DA5001752E9 /* Main.storyboard */,
				6E8C656E24608DA8001752E9 /* Assets.xcassets */,
				6E8C657024608DA8001752E9 /* LaunchScreen.storyboard */,
				6E8C657324608DA8001752E9 /* Info.plist */,
			);
			path = SwiftObjcInteroperability;
			sourceTree = "<group>";
		};
		6E8C65842461F38F001752E9 /* ObjC */ = {
			isa = PBXGroup;
			children = (
				6E8C657924609532001752E9 /* Test-Bridging-Header.h */,
				6E8C65812461EC2E001752E9 /* Main.h */,
				6E8C65822461EC2E001752E9 /* Main.m */,
			);
			path = ObjC;
			sourceTree = "<group>";
		};
/* End PBXGroup section */

/* Begin PBXNativeTarget section */
		6E8C656124608DA5001752E9 /* SwiftObjcInteroperability */ = {
			isa = PBXNativeTarget;
			buildConfigurationList = 6E8C657624608DA8001752E9 /* Build configuration list for PBXNativeTarget "SwiftObjcInteroperability" */;
			buildPhases = (
				6E8C655E24608DA5001752E9 /* Sources */,
				6E8C655F24608DA5001752E9 /* Frameworks */,
				6E8C656024608DA5001752E9 /* Resources */,
			);
			buildRules = (
			);
			dependencies = (
			);
			name = SwiftObjcInteroperability;
			productName = SwiftObjcInteroperability;
			productReference = 6E8C656224608DA5001752E9 /* SwiftObjcInteroperability.app */;
			productType = "com.apple.product-type.application";
		};
/* End PBXNativeTarget section */

/* Begin PBXProject section */
		6E8C655A24608DA5001752E9 /* Project object */ = {
			isa = PBXProject;
			attributes = {
				LastSwiftUpdateCheck = 1130;
				LastUpgradeCheck = 1130;
				ORGANIZATIONNAME = "Ramón Quiñonez";
				TargetAttributes = {
					6E8C656124608DA5001752E9 = {
						CreatedOnToolsVersion = 11.3.1;
						LastSwiftMigration = 1130;
					};
				};
			};
			buildConfigurationList = 6E8C655D24608DA5001752E9 /* Build configuration list for PBXProject "SwiftObjcInteroperability" */;
			compatibilityVersion = "Xcode 9.3";
			developmentRegion = en;
			hasScannedForEncodings = 0;
			knownRegions = (
				en,
				Base,
			);
			mainGroup = 6E8C655924608DA5001752E9;
			productRefGroup = 6E8C656324608DA5001752E9 /* Products */;
			projectDirPath = "";
			projectRoot = "";
			targets = (
				6E8C656124608DA5001752E9 /* SwiftObjcInteroperability */,
			);
		};
/* End PBXProject section */

/* Begin PBXResourcesBuildPhase section */
		6E8C656024608DA5001752E9 /* Resources */ = {
			isa = PBXResourcesBuildPhase;
			buildActionMask = 2147483647;
			files = (
				6E8C657224608DA8001752E9 /* LaunchScreen.storyboard in Resources */,
				6E8C656F24608DA8001752E9 /* Assets.xcassets in Resources */,
				6E8C656D24608DA5001752E9 /* Main.storyboard in Resources */,
			);
			runOnlyForDeploymentPostprocessing = 0;
		};
/* End PBXResourcesBuildPhase section */

/* Begin PBXSourcesBuildPhase section */
		6E8C655E24608DA5001752E9 /* Sources */ = {
			isa = PBXSourcesBuildPhase;
			buildActionMask = 2147483647;
			files = (
				6E8C65832461EC2E001752E9 /* Main.m in Sources */,
				6E8C656A24608DA5001752E9 /* ViewController.swift in Sources */,
				6E8C656624608DA5001752E9 /* AppDelegate.swift in Sources */,
				6E8C656824608DA5001752E9 /* SceneDelegate.swift in Sources */,
			);
			runOnlyForDeploymentPostprocessing = 0;
		};
/* End PBXSourcesBuildPhase section */

/* Begin PBXVariantGroup section */
		6E8C656B24608DA5001752E9 /* Main.storyboard */ = {
			isa = PBXVariantGroup;
			children = (
				6E8C656C24608DA5001752E9 /* Base */,
			);
			name = Main.storyboard;
			sourceTree = "<group>";
		};
		6E8C657024608DA8001752E9 /* LaunchScreen.storyboard */ = {
			isa = PBXVariantGroup;
			children = (
				6E8C657124608DA8001752E9 /* Base */,
			);
			name = LaunchScreen.storyboard;
			sourceTree = "<group>";
		};
/* End PBXVariantGroup section */

/* Begin XCBuildConfiguration section */
		6E8C657424608DA8001752E9 /* Debug */ = {
			isa = XCBuildConfiguration;
			buildSettings = {
				ALWAYS_SEARCH_USER_PATHS = NO;
				CLANG_ANALYZER_NONNULL = YES;
				CLANG_ANALYZER_NUMBER_OBJECT_CONVERSION = YES_AGGRESSIVE;
				CLANG_CXX_LANGUAGE_STANDARD = "gnu++14";
				CLANG_CXX_LIBRARY = "libc++";
				CLANG_ENABLE_MODULES = YES;
				CLANG_ENABLE_OBJC_ARC = YES;
				CLANG_ENABLE_OBJC_WEAK = YES;
				CLANG_WARN_BLOCK_CAPTURE_AUTORELEASING = YES;
				CLANG_WARN_BOOL_CONVERSION = YES;
				CLANG_WARN_COMMA = YES;
				CLANG_WARN_CONSTANT_CONVERSION = YES;
				CLANG_WARN_DEPRECATED_OBJC_IMPLEMENTATIONS = YES;
				CLANG_WARN_DIRECT_OBJC_ISA_USAGE = YES_ERROR;
				CLANG_WARN_DOCUMENTATION_COMMENTS = YES;
				CLANG_WARN_EMPTY_BODY = YES;
				CLANG_WARN_ENUM_CONVERSION = YES;
				CLANG_WARN_INFINITE_RECURSION = YES;
				CLANG_WARN_INT_CONVERSION = YES;
				CLANG_WARN_NON_LITERAL_NULL_CONVERSION = YES;
				CLANG_WARN_OBJC_IMPLICIT_RETAIN_SELF = YES;
				CLANG_WARN_OBJC_LITERAL_CONVERSION = YES;
				CLANG_WARN_OBJC_ROOT_CLASS = YES_ERROR;
				CLANG_WARN_RANGE_LOOP_ANALYSIS = YES;
				CLANG_WARN_STRICT_PROTOTYPES = YES;
				CLANG_WARN_SUSPICIOUS_MOVE = YES;
				CLANG_WARN_UNGUARDED_AVAILABILITY = YES_AGGRESSIVE;
				CLANG_WARN_UNREACHABLE_CODE = YES;
				CLANG_WARN__DUPLICATE_METHOD_MATCH = YES;
				COPY_PHASE_STRIP = NO;
				DEBUG_INFORMATION_FORMAT = dwarf;
				ENABLE_STRICT_OBJC_MSGSEND = YES;
				ENABLE_TESTABILITY = YES;
				GCC_C_LANGUAGE_STANDARD = gnu11;
				GCC_DYNAMIC_NO_PIC = NO;
				GCC_NO_COMMON_BLOCKS = YES;
				GCC_OPTIMIZATION_LEVEL = 0;
				GCC_PREPROCESSOR_DEFINITIONS = (
					"DEBUG=1",
					"$(inherited)",
				);
				GCC_WARN_64_TO_32_BIT_CONVERSION = YES;
				GCC_WARN_ABOUT_RETURN_TYPE = YES_ERROR;
				GCC_WARN_UNDECLARED_SELECTOR = YES;
				GCC_WARN_UNINITIALIZED_AUTOS = YES_AGGRESSIVE;
				GCC_WARN_UNUSED_FUNCTION = YES;
				GCC_WARN_UNUSED_VARIABLE = YES;
				IPHONEOS_DEPLOYMENT_TARGET = 13.2;
				MTL_ENABLE_DEBUG_INFO = INCLUDE_SOURCE;
				MTL_FAST_MATH = YES;
				ONLY_ACTIVE_ARCH = YES;
				SDKROOT = iphoneos;
				SWIFT_ACTIVE_COMPILATION_CONDITIONS = DEBUG;
				SWIFT_OPTIMIZATION_LEVEL = "-Onone";
			};
			name = Debug;
		};
		6E8C657524608DA8001752E9 /* Release */ = {
			isa = XCBuildConfiguration;
			buildSettings = {
				ALWAYS_SEARCH_USER_PATHS = NO;
				CLANG_ANALYZER_NONNULL = YES;
				CLANG_ANALYZER_NUMBER_OBJECT_CONVERSION = YES_AGGRESSIVE;
				CLANG_CXX_LANGUAGE_STANDARD = "gnu++14";
				CLANG_CXX_LIBRARY = "libc++";
				CLANG_ENABLE_MODULES = YES;
				CLANG_ENABLE_OBJC_ARC = YES;
				CLANG_ENABLE_OBJC_WEAK = YES;
				CLANG_WARN_BLOCK_CAPTURE_AUTORELEASING = YES;
				CLANG_WARN_BOOL_CONVERSION = YES;
				CLANG_WARN_COMMA = YES;
				CLANG_WARN_CONSTANT_CONVERSION = YES;
				CLANG_WARN_DEPRECATED_OBJC_IMPLEMENTATIONS = YES;
				CLANG_WARN_DIRECT_OBJC_ISA_USAGE = YES_ERROR;
				CLANG_WARN_DOCUMENTATION_COMMENTS = YES;
				CLANG_WARN_EMPTY_BODY = YES;
				CLANG_WARN_ENUM_CONVERSION = YES;
				CLANG_WARN_INFINITE_RECURSION = YES;
				CLANG_WARN_INT_CONVERSION = YES;
				CLANG_WARN_NON_LITERAL_NULL_CONVERSION = YES;
				CLANG_WARN_OBJC_IMPLICIT_RETAIN_SELF = YES;
				CLANG_WARN_OBJC_LITERAL_CONVERSION = YES;
				CLANG_WARN_OBJC_ROOT_CLASS = YES_ERROR;
				CLANG_WARN_RANGE_LOOP_ANALYSIS = YES;
				CLANG_WARN_STRICT_PROTOTYPES = YES;
				CLANG_WARN_SUSPICIOUS_MOVE = YES;
				CLANG_WARN_UNGUARDED_AVAILABILITY = YES_AGGRESSIVE;
				CLANG_WARN_UNREACHABLE_CODE = YES;
				CLANG_WARN__DUPLICATE_METHOD_MATCH = YES;
				COPY_PHASE_STRIP = NO;
				DEBUG_INFORMATION_FORMAT = "dwarf-with-dsym";
				ENABLE_NS_ASSERTIONS = NO;
				ENABLE_STRICT_OBJC_MSGSEND = YES;
				GCC_C_LANGUAGE_STANDARD = gnu11;
				GCC_NO_COMMON_BLOCKS = YES;
				GCC_WARN_64_TO_32_BIT_CONVERSION = YES;
				GCC_WARN_ABOUT_RETURN_TYPE = YES_ERROR;
				GCC_WARN_UNDECLARED_SELECTOR = YES;
				GCC_WARN_UNINITIALIZED_AUTOS = YES_AGGRESSIVE;
				GCC_WARN_UNUSED_FUNCTION = YES;
				GCC_WARN_UNUSED_VARIABLE = YES;
				IPHONEOS_DEPLOYMENT_TARGET = 13.2;
				MTL_ENABLE_DEBUG_INFO = NO;
				MTL_FAST_MATH = YES;
				SDKROOT = iphoneos;
				SWIFT_COMPILATION_MODE = wholemodule;
				SWIFT_OPTIMIZATION_LEVEL = "-O";
				VALIDATE_PRODUCT = YES;
			};
			name = Release;
		};
		6E8C657724608DA8001752E9 /* Debug */ = {
			isa = XCBuildConfiguration;
			buildSettings = {
				ASSETCATALOG_COMPILER_APPICON_NAME = AppIcon;
				CLANG_ENABLE_MODULES = YES;
				CODE_SIGN_STYLE = Automatic;
				DEVELOPMENT_TEAM = VVD2BY95PW;
				INFOPLIST_FILE = SwiftObjcInteroperability/Info.plist;
				LD_RUNPATH_SEARCH_PATHS = (
					"$(inherited)",
					"@executable_path/Frameworks",
				);
				PRODUCT_BUNDLE_IDENTIFIER = "com.rq-c.SwiftObjcInteroperability";
				PRODUCT_NAME = "$(TARGET_NAME)";
				SWIFT_OBJC_BRIDGING_HEADER = "SwiftObjcInteroperability/ObjC/Test-Bridging-Header.h";
				SWIFT_OPTIMIZATION_LEVEL = "-Onone";
				SWIFT_VERSION = 5.0;
				TARGETED_DEVICE_FAMILY = "1,2";
			};
			name = Debug;
		};
		6E8C657824608DA8001752E9 /* Release */ = {
			isa = XCBuildConfiguration;
			buildSettings = {
				ASSETCATALOG_COMPILER_APPICON_NAME = AppIcon;
				CLANG_ENABLE_MODULES = YES;
				CODE_SIGN_STYLE = Automatic;
				DEVELOPMENT_TEAM = VVD2BY95PW;
				INFOPLIST_FILE = SwiftObjcInteroperability/Info.plist;
				LD_RUNPATH_SEARCH_PATHS = (
					"$(inherited)",
					"@executable_path/Frameworks",
				);
				PRODUCT_BUNDLE_IDENTIFIER = "com.rq-c.SwiftObjcInteroperability";
				PRODUCT_NAME = "$(TARGET_NAME)";
				SWIFT_OBJC_BRIDGING_HEADER = "SwiftObjcInteroperability/ObjC/Test-Bridging-Header.h";
				SWIFT_VERSION = 5.0;
				TARGETED_DEVICE_FAMILY = "1,2";
			};
			name = Release;
		};
/* End XCBuildConfiguration section */

/* Begin XCConfigurationList section */
		6E8C655D24608DA5001752E9 /* Build configuration list for PBXProject "SwiftObjcInteroperability" */ = {
			isa = XCConfigurationList;
			buildConfigurations = (
				6E8C657424608DA8001752E9 /* Debug */,
				6E8C657524608DA8001752E9 /* Release */,
			);
			defaultConfigurationIsVisible = 0;
			defaultConfigurationName = Release;
		};
		6E8C657624608DA8001752E9 /* Build configuration list for PBXNativeTarget "SwiftObjcInteroperability" */ = {
			isa = XCConfigurationList;
			buildConfigurations = (
				6E8C657724608DA8001752E9 /* Debug */,
				6E8C657824608DA8001752E9 /* Release */,
			);
			defaultConfigurationIsVisible = 0;
			defaultConfigurationName = Release;
		};
/* End XCConfigurationList section */
	};
	rootObject = 6E8C655A24608DA5001752E9 /* Project object */;
}
